
Microsoft Visual Studio Solution File, Format Version 12.00
# Visual Studio Version 16
VisualStudioVersion = 16.0.30804.86
MinimumVisualStudioVersion = 10.0.40219.1
Project("{888888A0-9F3D-457C-B088-3A5042F75D52}") = "Paper", "Paper\Paper.pyproj", "{76FAC0F9-279D-4278-8EED-3587CF042501}"
EndProject
Global
	GlobalSection(SolutionConfigurationPlatforms) = preSolution
		Debug|Any CPU = Debug|Any CPU
		Release|Any CPU = Release|Any CPU
	EndGlobalSection
	GlobalSection(ProjectConfigurationPlatforms) = postSolution
		{76FAC0F9-279D-4278-8EED-3587CF042501}.Debug|Any CPU.ActiveCfg = Debug|Any CPU
		{76FAC0F9-279D-4278-8EED-3587CF042501}.Release|Any CPU.ActiveCfg = Release|Any CPU
	EndGlobalSection
	GlobalSection(SolutionProperties) = preSolution
		HideSolutionNode = FALSE
	EndGlobalSection
	GlobalSection(ExtensibilityGlobals) = postSolution
		SolutionGuid = {E0058078-3261-4E45-A538-E1B817496630}
	EndGlobalSection
EndGlobal
